{
  "name": "extension",
  "version": "1.0.0",
  "lockfileVersion": 3,
  "requires": true,
  "packages": {
    "": {
      "name": "extension",
      "version": "1.0.0",
      "license": "ISC",
      "dependencies": {
        "speech-into-text": "^4.0.2"
      }
    },
    "node_modules/speech-into-text": {
      "version": "4.0.2",
      "resolved": "https://registry.npmjs.org/speech-into-text/-/speech-into-text-4.0.2.tgz",
      "integrity": "sha512-wkSKNOxNm6GooyO6SAgei9KTNUpa7zdwgRAMLY2L7TDxQ5QP8SSKiDxlzVecYYuu5o4+nEsvUlzzPiTLk4IcYw==",
      "license": "Apache-2.0",
      "dependencies": {
        "speech-into-text": "^1.0.0"
      }
    },
    "node_modules/speech-into-text/node_modules/speech-into-text": {
      "version": "1.5.1",
      "resolved": "https://registry.npmjs.org/speech-into-text/-/speech-into-text-1.5.1.tgz",
      "integrity": "sha512-BBEUjrco8kOL5Vq2ey05fs7nnyli9Dx5645UDVG6bBDpGBygmq4JYw+aSjiZWQbvlCxcp9u9dcKF10wJbMFtOg==",
      "license": "Apache-2.0",
      "dependencies": {
        "speech-into-text": "^1.0.0"
      }
    }
  }
}
